PODS:
  - AstroForms (0.1.0)
  - Nimble (7.2.0)
  - Quick (1.3.1)

DEPENDENCIES:
  - AstroForms (from `../`)
  - Nimble
  - Quick

SPEC REPOS:
  https://github.com/cocoapods/specs.git:
    - Nimble
    - Quick

EXTERNAL SOURCES:
  AstroForms:
    :path: "../"

SPEC CHECKSUMS:
  AstroForms: 95d56b102ad5fd36e700ae542cfe8d60f071a18e
  Nimble: fa2913b0e14dafef970357f67d152ab4f7c4f457
  Quick: d17304d58d0d169dd0bd1c6e5c28e3318de32a1a

PODFILE CHECKSUM: af3bd447145cdeef0eb23dc6af7da9bdc0fe2948

COCOAPODS: 1.5.3
