// !$*UTF8*$!
{
	archiveVersion = 1;
	classes = {
	};
	objectVersion = 46;
	objects = {

/* Begin PBXBuildFile section */
		4957F65C215A1F3800384049 /* AstroTextField.swift in Sources */ = {isa = PBXBuildFile; fileRef = 4957F639215A1F3800384049 /* AstroTextField.swift */; };
		4957F65D215A1F3800384049 /* TextFieldRowView.swift in Sources */ = {isa = PBXBuildFile; fileRef = 4957F63A215A1F3800384049 /* TextFieldRowView.swift */; };
		4957F65E215A1F3800384049 /* TextFieldRow.swift in Sources */ = {isa = PBXBuildFile; fileRef = 4957F63B215A1F3800384049 /* TextFieldRow.swift */; };
		4957F65F215A1F3800384049 /* TextFieldRowView.xib in Resources */ = {isa = PBXBuildFile; fileRef = 4957F63C215A1F3800384049 /* TextFieldRowView.xib */; };
		4957F660215A1F3800384049 /* ButtonRowView.swift in Sources */ = {isa = PBXBuildFile; fileRef = 4957F63E215A1F3800384049 /* ButtonRowView.swift */; };
		4957F661215A1F3800384049 /* ButtonRowView.xib in Resources */ = {isa = PBXBuildFile; fileRef = 4957F63F215A1F3800384049 /* ButtonRowView.xib */; };
		4957F662215A1F3800384049 /* ButtonRow.swift in Sources */ = {isa = PBXBuildFile; fileRef = 4957F640215A1F3800384049 /* ButtonRow.swift */; };
		4957F663215A1F3800384049 /* CustomNibRow.swift in Sources */ = {isa = PBXBuildFile; fileRef = 4957F642215A1F3800384049 /* CustomNibRow.swift */; };
		4957F664215A1F3800384049 /* HeroView.xib in Resources */ = {isa = PBXBuildFile; fileRef = 4957F644215A1F3800384049 /* HeroView.xib */; };
		4957F665215A1F3800384049 /* HeroView.swift in Sources */ = {isa = PBXBuildFile; fileRef = 4957F645215A1F3800384049 /* HeroView.swift */; };
		4957F666215A1F3800384049 /* SwitchRowView.xib in Resources */ = {isa = PBXBuildFile; fileRef = 4957F647215A1F3800384049 /* SwitchRowView.xib */; };
		4957F667215A1F3800384049 /* SwitchRowView.swift in Sources */ = {isa = PBXBuildFile; fileRef = 4957F648215A1F3800384049 /* SwitchRowView.swift */; };
		4957F668215A1F3800384049 /* SwitchRow.swift in Sources */ = {isa = PBXBuildFile; fileRef = 4957F649215A1F3800384049 /* SwitchRow.swift */; };
		4957F669215A1F3800384049 /* TextViewRowView.swift in Sources */ = {isa = PBXBuildFile; fileRef = 4957F64B215A1F3800384049 /* TextViewRowView.swift */; };
		4957F66A215A1F3800384049 /* TextViewRow.swift in Sources */ = {isa = PBXBuildFile; fileRef = 4957F64C215A1F3800384049 /* TextViewRow.swift */; };
		4957F66B215A1F3800384049 /* TextViewRowView.xib in Resources */ = {isa = PBXBuildFile; fileRef = 4957F64D215A1F3800384049 /* TextViewRowView.xib */; };
		4957F66C215A1F3800384049 /* CheckListRowView.swift in Sources */ = {isa = PBXBuildFile; fileRef = 4957F64F215A1F3800384049 /* CheckListRowView.swift */; };
		4957F66D215A1F3800384049 /* CheckListRow.swift in Sources */ = {isa = PBXBuildFile; fileRef = 4957F650215A1F3800384049 /* CheckListRow.swift */; };
		4957F66E215A1F3800384049 /* CheckListRowView.xib in Resources */ = {isa = PBXBuildFile; fileRef = 4957F651215A1F3800384049 /* CheckListRowView.xib */; };
		4957F66F215A1F3800384049 /* ErrorView.xib in Resources */ = {isa = PBXBuildFile; fileRef = 4957F655215A1F3800384049 /* ErrorView.xib */; };
		4957F670215A1F3800384049 /* ErrorView.swift in Sources */ = {isa = PBXBuildFile; fileRef = 4957F656215A1F3800384049 /* ErrorView.swift */; };
		4957F671215A1F3800384049 /* HintView.swift in Sources */ = {isa = PBXBuildFile; fileRef = 4957F658215A1F3800384049 /* HintView.swift */; };
		4957F672215A1F3800384049 /* HintView.xib in Resources */ = {isa = PBXBuildFile; fileRef = 4957F659215A1F3800384049 /* HintView.xib */; };
		4957F677215A1FB100384049 /* Themeable.swift in Sources */ = {isa = PBXBuildFile; fileRef = 4957F676215A1FB100384049 /* Themeable.swift */; };
		4957F67B215A1FF000384049 /* Theme.swift in Sources */ = {isa = PBXBuildFile; fileRef = 4957F67A215A1FF000384049 /* Theme.swift */; };
		4957F67D215A204500384049 /* AstroThemeColor.swift in Sources */ = {isa = PBXBuildFile; fileRef = 4957F67C215A204500384049 /* AstroThemeColor.swift */; };
		4957F680215A2E5000384049 /* UIImage+UIColor.swift in Sources */ = {isa = PBXBuildFile; fileRef = 4957F67F215A2E5000384049 /* UIImage+UIColor.swift */; };
		4957F68E215B167D00384049 /* AstroThemeImage.swift in Sources */ = {isa = PBXBuildFile; fileRef = 4957F68D215B167D00384049 /* AstroThemeImage.swift */; };
		4957F692215B1B6300384049 /* ThemeableImageView.swift in Sources */ = {isa = PBXBuildFile; fileRef = 4957F691215B1B6300384049 /* ThemeableImageView.swift */; };
		4957F694215B273F00384049 /* CustomView.swift in Sources */ = {isa = PBXBuildFile; fileRef = 4957F693215B273F00384049 /* CustomView.swift */; };
		4957F6A8215C5A3B00384049 /* LoginViewController.swift in Sources */ = {isa = PBXBuildFile; fileRef = 4957F6A3215C5A3B00384049 /* LoginViewController.swift */; };
		4957F6A9215C5A3B00384049 /* BackgroundContainerViewController.swift in Sources */ = {isa = PBXBuildFile; fileRef = 4957F6A4215C5A3B00384049 /* BackgroundContainerViewController.swift */; };
		4957F6AA215C5A3B00384049 /* LoginForm.swift in Sources */ = {isa = PBXBuildFile; fileRef = 4957F6A5215C5A3B00384049 /* LoginForm.swift */; };
		4957F6AE215C5A5900384049 /* AdditionalInfoViewController.swift in Sources */ = {isa = PBXBuildFile; fileRef = 4957F6AC215C5A5900384049 /* AdditionalInfoViewController.swift */; };
		4957F6AF215C5A5900384049 /* AdditionalInfoForm.swift in Sources */ = {isa = PBXBuildFile; fileRef = 4957F6AD215C5A5900384049 /* AdditionalInfoForm.swift */; };
		4957F6B2215C739C00384049 /* SlideAnimatedTransition.swift in Sources */ = {isa = PBXBuildFile; fileRef = 4957F6B1215C739C00384049 /* SlideAnimatedTransition.swift */; };
		4957F6B5215C786400384049 /* SlideNavigationController.swift in Sources */ = {isa = PBXBuildFile; fileRef = 4957F6B4215C786400384049 /* SlideNavigationController.swift */; };
		4957F6B7215FF10A00384049 /* CheckListRowItemView.swift in Sources */ = {isa = PBXBuildFile; fileRef = 4957F6B6215FF10A00384049 /* CheckListRowItemView.swift */; };
		4957F6B9215FF12B00384049 /* CheckListRowItemView.xib in Resources */ = {isa = PBXBuildFile; fileRef = 4957F6B8215FF12B00384049 /* CheckListRowItemView.xib */; };
		49D389282160255800D99FB0 /* MapRow.swift in Sources */ = {isa = PBXBuildFile; fileRef = 49D389272160255800D99FB0 /* MapRow.swift */; };
		49D3892A2160256000D99FB0 /* MapRowView.xib in Resources */ = {isa = PBXBuildFile; fileRef = 49D389292160256000D99FB0 /* MapRowView.xib */; };
		49D3892C2160258100D99FB0 /* MapRowView.swift in Sources */ = {isa = PBXBuildFile; fileRef = 49D3892B2160258100D99FB0 /* MapRowView.swift */; };
		607FACD61AFB9204008FA782 /* AppDelegate.swift in Sources */ = {isa = PBXBuildFile; fileRef = 607FACD51AFB9204008FA782 /* AppDelegate.swift */; };
		607FACDB1AFB9204008FA782 /* Main.storyboard in Resources */ = {isa = PBXBuildFile; fileRef = 607FACD91AFB9204008FA782 /* Main.storyboard */; };
		607FACDD1AFB9204008FA782 /* Images.xcassets in Resources */ = {isa = PBXBuildFile; fileRef = 607FACDC1AFB9204008FA782 /* Images.xcassets */; };
		607FACE01AFB9204008FA782 /* LaunchScreen.xib in Resources */ = {isa = PBXBuildFile; fileRef = 607FACDE1AFB9204008FA782 /* LaunchScreen.xib */; };
		607FACEC1AFB9204008FA782 /* ValidationTests.swift in Sources */ = {isa = PBXBuildFile; fileRef = 607FACEB1AFB9204008FA782 /* ValidationTests.swift */; };
		A362E7F8A7E78F93BA8EB226 /* Pods_AstroForms_Example.framework in Frameworks */ = {isa = PBXBuildFile; fileRef = F04258FF8881DC3B478AB2FD /* Pods_AstroForms_Example.framework */; };
		BDC3041B04E1B3C9F740DBFA /* Pods_AstroForms_Tests.framework in Frameworks */ = {isa = PBXBuildFile; fileRef = 42569D7CB07D2BBB4BE97051 /* Pods_AstroForms_Tests.framework */; };
/* End PBXBuildFile section */

/* Begin PBXContainerItemProxy section */
		607FACE61AFB9204008FA782 /* PBXContainerItemProxy */ = {
			isa = PBXContainerItemProxy;
			containerPortal = 607FACC81AFB9204008FA782 /* Project object */;
			proxyType = 1;
			remoteGlobalIDString = 607FACCF1AFB9204008FA782;
			remoteInfo = AstroForms;
		};
/* End PBXContainerItemProxy section */

/* Begin PBXFileReference section */
		02015E06DE892599BDAD71A0 /* LICENSE */ = {isa = PBXFileReference; includeInIndex = 1; lastKnownFileType = text; name = LICENSE; path = ../LICENSE; sourceTree = "<group>"; };
		38CD0C5D28157AF8325FCCC4 /* Pods-AstroForms_Tests.release.xcconfig */ = {isa = PBXFileReference; includeInIndex = 1; lastKnownFileType = text.xcconfig; name = "Pods-AstroForms_Tests.release.xcconfig"; path = "Pods/Target Support Files/Pods-AstroForms_Tests/Pods-AstroForms_Tests.release.xcconfig"; sourceTree = "<group>"; };
		42569D7CB07D2BBB4BE97051 /* Pods_AstroForms_Tests.framework */ = {isa = PBXFileReference; explicitFileType = wrapper.framework; includeInIndex = 0; path = Pods_AstroForms_Tests.framework; sourceTree = BUILT_PRODUCTS_DIR; };
		4957F639215A1F3800384049 /* AstroTextField.swift */ = {isa = PBXFileReference; fileEncoding = 4; lastKnownFileType = sourcecode.swift; path = AstroTextField.swift; sourceTree = "<group>"; };
		4957F63A215A1F3800384049 /* TextFieldRowView.swift */ = {isa = PBXFileReference; fileEncoding = 4; lastKnownFileType = sourcecode.swift; path = TextFieldRowView.swift; sourceTree = "<group>"; };
		4957F63B215A1F3800384049 /* TextFieldRow.swift */ = {isa = PBXFileReference; fileEncoding = 4; lastKnownFileType = sourcecode.swift; path = TextFieldRow.swift; sourceTree = "<group>"; };
		4957F63C215A1F3800384049 /* TextFieldRowView.xib */ = {isa = PBXFileReference; fileEncoding = 4; lastKnownFileType = file.xib; path = TextFieldRowView.xib; sourceTree = "<group>"; };
		4957F63E215A1F3800384049 /* ButtonRowView.swift */ = {isa = PBXFileReference; fileEncoding = 4; lastKnownFileType = sourcecode.swift; path = ButtonRowView.swift; sourceTree = "<group>"; };
		4957F63F215A1F3800384049 /* ButtonRowView.xib */ = {isa = PBXFileReference; fileEncoding = 4; lastKnownFileType = file.xib; path = ButtonRowView.xib; sourceTree = "<group>"; };
		4957F640215A1F3800384049 /* ButtonRow.swift */ = {isa = PBXFileReference; fileEncoding = 4; lastKnownFileType = sourcecode.swift; path = ButtonRow.swift; sourceTree = "<group>"; };
		4957F642215A1F3800384049 /* CustomNibRow.swift */ = {isa = PBXFileReference; fileEncoding = 4; lastKnownFileType = sourcecode.swift; path = CustomNibRow.swift; sourceTree = "<group>"; };
		4957F644215A1F3800384049 /* HeroView.xib */ = {isa = PBXFileReference; fileEncoding = 4; lastKnownFileType = file.xib; path = HeroView.xib; sourceTree = "<group>"; };
		4957F645215A1F3800384049 /* HeroView.swift */ = {isa = PBXFileReference; fileEncoding = 4; lastKnownFileType = sourcecode.swift; path = HeroView.swift; sourceTree = "<group>"; };
		4957F647215A1F3800384049 /* SwitchRowView.xib */ = {isa = PBXFileReference; fileEncoding = 4; lastKnownFileType = file.xib; path = SwitchRowView.xib; sourceTree = "<group>"; };
		4957F648215A1F3800384049 /* SwitchRowView.swift */ = {isa = PBXFileReference; fileEncoding = 4; lastKnownFileType = sourcecode.swift; path = SwitchRowView.swift; sourceTree = "<group>"; };
		4957F649215A1F3800384049 /* SwitchRow.swift */ = {isa = PBXFileReference; fileEncoding = 4; lastKnownFileType = sourcecode.swift; path = SwitchRow.swift; sourceTree = "<group>"; };
		4957F64B215A1F3800384049 /* TextViewRowView.swift */ = {isa = PBXFileReference; fileEncoding = 4; lastKnownFileType = sourcecode.swift; path = TextViewRowView.swift; sourceTree = "<group>"; };
		4957F64C215A1F3800384049 /* TextViewRow.swift */ = {isa = PBXFileReference; fileEncoding = 4; lastKnownFileType = sourcecode.swift; path = TextViewRow.swift; sourceTree = "<group>"; };
		4957F64D215A1F3800384049 /* TextViewRowView.xib */ = {isa = PBXFileReference; fileEncoding = 4; lastKnownFileType = file.xib; path = TextViewRowView.xib; sourceTree = "<group>"; };
		4957F64F215A1F3800384049 /* CheckListRowView.swift */ = {isa = PBXFileReference; fileEncoding = 4; lastKnownFileType = sourcecode.swift; path = CheckListRowView.swift; sourceTree = "<group>"; };
		4957F650215A1F3800384049 /* CheckListRow.swift */ = {isa = PBXFileReference; fileEncoding = 4; lastKnownFileType = sourcecode.swift; path = CheckListRow.swift; sourceTree = "<group>"; };
		4957F651215A1F3800384049 /* CheckListRowView.xib */ = {isa = PBXFileReference; fileEncoding = 4; lastKnownFileType = file.xib; path = CheckListRowView.xib; sourceTree = "<group>"; };
		4957F655215A1F3800384049 /* ErrorView.xib */ = {isa = PBXFileReference; fileEncoding = 4; lastKnownFileType = file.xib; path = ErrorView.xib; sourceTree = "<group>"; };
		4957F656215A1F3800384049 /* ErrorView.swift */ = {isa = PBXFileReference; fileEncoding = 4; lastKnownFileType = sourcecode.swift; path = ErrorView.swift; sourceTree = "<group>"; };
		4957F658215A1F3800384049 /* HintView.swift */ = {isa = PBXFileReference; fileEncoding = 4; lastKnownFileType = sourcecode.swift; path = HintView.swift; sourceTree = "<group>"; };
		4957F659215A1F3800384049 /* HintView.xib */ = {isa = PBXFileReference; fileEncoding = 4; lastKnownFileType = file.xib; path = HintView.xib; sourceTree = "<group>"; };
		4957F676215A1FB100384049 /* Themeable.swift */ = {isa = PBXFileReference; lastKnownFileType = sourcecode.swift; path = Themeable.swift; sourceTree = "<group>"; };
		4957F67A215A1FF000384049 /* Theme.swift */ = {isa = PBXFileReference; lastKnownFileType = sourcecode.swift; path = Theme.swift; sourceTree = "<group>"; };
		4957F67C215A204500384049 /* AstroThemeColor.swift */ = {isa = PBXFileReference; lastKnownFileType = sourcecode.swift; path = AstroThemeColor.swift; sourceTree = "<group>"; };
		4957F67F215A2E5000384049 /* UIImage+UIColor.swift */ = {isa = PBXFileReference; lastKnownFileType = sourcecode.swift; path = "UIImage+UIColor.swift"; sourceTree = "<group>"; };
		4957F68D215B167D00384049 /* AstroThemeImage.swift */ = {isa = PBXFileReference; lastKnownFileType = sourcecode.swift; path = AstroThemeImage.swift; sourceTree = "<group>"; };
		4957F691215B1B6300384049 /* ThemeableImageView.swift */ = {isa = PBXFileReference; lastKnownFileType = sourcecode.swift; path = ThemeableImageView.swift; sourceTree = "<group>"; };
		4957F693215B273F00384049 /* CustomView.swift */ = {isa = PBXFileReference; lastKnownFileType = sourcecode.swift; path = CustomView.swift; sourceTree = "<group>"; };
		4957F6A3215C5A3B00384049 /* LoginViewController.swift */ = {isa = PBXFileReference; fileEncoding = 4; lastKnownFileType = sourcecode.swift; path = LoginViewController.swift; sourceTree = "<group>"; };
		4957F6A4215C5A3B00384049 /* BackgroundContainerViewController.swift */ = {isa = PBXFileReference; fileEncoding = 4; lastKnownFileType = sourcecode.swift; path = BackgroundContainerViewController.swift; sourceTree = "<group>"; };
		4957F6A5215C5A3B00384049 /* LoginForm.swift */ = {isa = PBXFileReference; fileEncoding = 4; lastKnownFileType = sourcecode.swift; path = LoginForm.swift; sourceTree = "<group>"; };
		4957F6AC215C5A5900384049 /* AdditionalInfoViewController.swift */ = {isa = PBXFileReference; fileEncoding = 4; lastKnownFileType = sourcecode.swift; path = AdditionalInfoViewController.swift; sourceTree = "<group>"; };
		4957F6AD215C5A5900384049 /* AdditionalInfoForm.swift */ = {isa = PBXFileReference; fileEncoding = 4; lastKnownFileType = sourcecode.swift; path = AdditionalInfoForm.swift; sourceTree = "<group>"; };
		4957F6B1215C739C00384049 /* SlideAnimatedTransition.swift */ = {isa = PBXFileReference; lastKnownFileType = sourcecode.swift; path = SlideAnimatedTransition.swift; sourceTree = "<group>"; };
		4957F6B4215C786400384049 /* SlideNavigationController.swift */ = {isa = PBXFileReference; lastKnownFileType = sourcecode.swift; path = SlideNavigationController.swift; sourceTree = "<group>"; };
		4957F6B6215FF10A00384049 /* CheckListRowItemView.swift */ = {isa = PBXFileReference; lastKnownFileType = sourcecode.swift; path = CheckListRowItemView.swift; sourceTree = "<group>"; };
		4957F6B8215FF12B00384049 /* CheckListRowItemView.xib */ = {isa = PBXFileReference; lastKnownFileType = file.xib; path = CheckListRowItemView.xib; sourceTree = "<group>"; };
		49D389272160255800D99FB0 /* MapRow.swift */ = {isa = PBXFileReference; lastKnownFileType = sourcecode.swift; path = MapRow.swift; sourceTree = "<group>"; };
		49D389292160256000D99FB0 /* MapRowView.xib */ = {isa = PBXFileReference; lastKnownFileType = file.xib; path = MapRowView.xib; sourceTree = "<group>"; };
		49D3892B2160258100D99FB0 /* MapRowView.swift */ = {isa = PBXFileReference; lastKnownFileType = sourcecode.swift; path = MapRowView.swift; sourceTree = "<group>"; };
		607FACD01AFB9204008FA782 /* AstroForms_Example.app */ = {isa = PBXFileReference; explicitFileType = wrapper.application; includeInIndex = 0; path = AstroForms_Example.app; sourceTree = BUILT_PRODUCTS_DIR; };
		607FACD41AFB9204008FA782 /* Info.plist */ = {isa = PBXFileReference; lastKnownFileType = text.plist.xml; path = Info.plist; sourceTree = "<group>"; };
		607FACD51AFB9204008FA782 /* AppDelegate.swift */ = {isa = PBXFileReference; lastKnownFileType = sourcecode.swift; path = AppDelegate.swift; sourceTree = "<group>"; };
		607FACDA1AFB9204008FA782 /* Base */ = {isa = PBXFileReference; lastKnownFileType = file.storyboard; name = Base; path = Base.lproj/Main.storyboard; sourceTree = "<group>"; };
		607FACDC1AFB9204008FA782 /* Images.xcassets */ = {isa = PBXFileReference; lastKnownFileType = folder.assetcatalog; path = Images.xcassets; sourceTree = "<group>"; };
		607FACDF1AFB9204008FA782 /* Base */ = {isa = PBXFileReference; lastKnownFileType = file.xib; name = Base; path = Base.lproj/LaunchScreen.xib; sourceTree = "<group>"; };
		607FACE51AFB9204008FA782 /* AstroForms_Tests.xctest */ = {isa = PBXFileReference; explicitFileType = wrapper.cfbundle; includeInIndex = 0; path = AstroForms_Tests.xctest; sourceTree = BUILT_PRODUCTS_DIR; };
		607FACEA1AFB9204008FA782 /* Info.plist */ = {isa = PBXFileReference; lastKnownFileType = text.plist.xml; path = Info.plist; sourceTree = "<group>"; };
		607FACEB1AFB9204008FA782 /* ValidationTests.swift */ = {isa = PBXFileReference; lastKnownFileType = sourcecode.swift; path = ValidationTests.swift; sourceTree = "<group>"; };
		8945382C20E1B85BA8BE30A4 /* Pods-AstroForms_Example.debug.xcconfig */ = {isa = PBXFileReference; includeInIndex = 1; lastKnownFileType = text.xcconfig; name = "Pods-AstroForms_Example.debug.xcconfig"; path = "Pods/Target Support Files/Pods-AstroForms_Example/Pods-AstroForms_Example.debug.xcconfig"; sourceTree = "<group>"; };
		89765BCFA49D26C3F3A847DA /* Pods-AstroForms_Tests.debug.xcconfig */ = {isa = PBXFileReference; includeInIndex = 1; lastKnownFileType = text.xcconfig; name = "Pods-AstroForms_Tests.debug.xcconfig"; path = "Pods/Target Support Files/Pods-AstroForms_Tests/Pods-AstroForms_Tests.debug.xcconfig"; sourceTree = "<group>"; };
		96F4D58133A934212B12E3A6 /* Pods-AstroForms_Example.release.xcconfig */ = {isa = PBXFileReference; includeInIndex = 1; lastKnownFileType = text.xcconfig; name = "Pods-AstroForms_Example.release.xcconfig"; path = "Pods/Target Support Files/Pods-AstroForms_Example/Pods-AstroForms_Example.release.xcconfig"; sourceTree = "<group>"; };
		AA1747725B8643B31790854C /* README.md */ = {isa = PBXFileReference; includeInIndex = 1; lastKnownFileType = net.daringfireball.markdown; name = README.md; path = ../README.md; sourceTree = "<group>"; };
		B0DDA642E622A4C10C11BB29 /* AstroForms.podspec */ = {isa = PBXFileReference; includeInIndex = 1; lastKnownFileType = text; name = AstroForms.podspec; path = ../AstroForms.podspec; sourceTree = "<group>"; };
		F04258FF8881DC3B478AB2FD /* Pods_AstroForms_Example.framework */ = {isa = PBXFileReference; explicitFileType = wrapper.framework; includeInIndex = 0; path = Pods_AstroForms_Example.framework; sourceTree = BUILT_PRODUCTS_DIR; };
/* End PBXFileReference section */

/* Begin PBXFrameworksBuildPhase section */
		607FACCD1AFB9204008FA782 /* Frameworks */ = {
			isa = PBXFrameworksBuildPhase;
			buildActionMask = 2147483647;
			files = (
				A362E7F8A7E78F93BA8EB226 /* Pods_AstroForms_Example.framework in Frameworks */,
			);
			runOnlyForDeploymentPostprocessing = 0;
		};
		607FACE21AFB9204008FA782 /* Frameworks */ = {
			isa = PBXFrameworksBuildPhase;
			buildActionMask = 2147483647;
			files = (
				BDC3041B04E1B3C9F740DBFA /* Pods_AstroForms_Tests.framework in Frameworks */,
			);
			runOnlyForDeploymentPostprocessing = 0;
		};
/* End PBXFrameworksBuildPhase section */

/* Begin PBXGroup section */
		4957F634215A1F3800384049 /* GUI */ = {
			isa = PBXGroup;
			children = (
				4957F69E215C5A3B00384049 /* Features */,
				4957F635215A1F3800384049 /* Shared */,
			);
			path = GUI;
			sourceTree = "<group>";
		};
		4957F635215A1F3800384049 /* Shared */ = {
			isa = PBXGroup;
			children = (
				4957F6B3215C785C00384049 /* Controllers */,
				4957F6B0215C70A400384049 /* Transitions */,
				4957F68F215B1B5A00384049 /* Views */,
				4957F67E215A2E4800384049 /* Extensions */,
				4957F636215A1F3800384049 /* Forms */,
			);
			path = Shared;
			sourceTree = "<group>";
		};
		4957F636215A1F3800384049 /* Forms */ = {
			isa = PBXGroup;
			children = (
				4957F674215A1F9A00384049 /* Theme */,
				4957F637215A1F3800384049 /* Rows */,
				4957F653215A1F3800384049 /* Helpers */,
			);
			path = Forms;
			sourceTree = "<group>";
		};
		4957F637215A1F3800384049 /* Rows */ = {
			isa = PBXGroup;
			children = (
				49D389262160255000D99FB0 /* MapRow */,
				4957F638215A1F3800384049 /* TextFieldRow */,
				4957F63D215A1F3800384049 /* ButtonRow */,
				4957F641215A1F3800384049 /* CustomViewRow */,
				4957F646215A1F3800384049 /* SwitchRow */,
				4957F64A215A1F3800384049 /* TextViewRow */,
				4957F64E215A1F3800384049 /* CheckListRow */,
			);
			path = Rows;
			sourceTree = "<group>";
		};
		4957F638215A1F3800384049 /* TextFieldRow */ = {
			isa = PBXGroup;
			children = (
				4957F639215A1F3800384049 /* AstroTextField.swift */,
				4957F63A215A1F3800384049 /* TextFieldRowView.swift */,
				4957F63B215A1F3800384049 /* TextFieldRow.swift */,
				4957F63C215A1F3800384049 /* TextFieldRowView.xib */,
			);
			path = TextFieldRow;
			sourceTree = "<group>";
		};
		4957F63D215A1F3800384049 /* ButtonRow */ = {
			isa = PBXGroup;
			children = (
				4957F63E215A1F3800384049 /* ButtonRowView.swift */,
				4957F63F215A1F3800384049 /* ButtonRowView.xib */,
				4957F640215A1F3800384049 /* ButtonRow.swift */,
			);
			path = ButtonRow;
			sourceTree = "<group>";
		};
		4957F641215A1F3800384049 /* CustomViewRow */ = {
			isa = PBXGroup;
			children = (
				4957F642215A1F3800384049 /* CustomNibRow.swift */,
				4957F693215B273F00384049 /* CustomView.swift */,
				4957F643215A1F3800384049 /* Custom Views */,
			);
			path = CustomViewRow;
			sourceTree = "<group>";
		};
		4957F643215A1F3800384049 /* Custom Views */ = {
			isa = PBXGroup;
			children = (
				4957F644215A1F3800384049 /* HeroView.xib */,
				4957F645215A1F3800384049 /* HeroView.swift */,
			);
			path = "Custom Views";
			sourceTree = "<group>";
		};
		4957F646215A1F3800384049 /* SwitchRow */ = {
			isa = PBXGroup;
			children = (
				4957F647215A1F3800384049 /* SwitchRowView.xib */,
				4957F648215A1F3800384049 /* SwitchRowView.swift */,
				4957F649215A1F3800384049 /* SwitchRow.swift */,
			);
			path = SwitchRow;
			sourceTree = "<group>";
		};
		4957F64A215A1F3800384049 /* TextViewRow */ = {
			isa = PBXGroup;
			children = (
				4957F64B215A1F3800384049 /* TextViewRowView.swift */,
				4957F64C215A1F3800384049 /* TextViewRow.swift */,
				4957F64D215A1F3800384049 /* TextViewRowView.xib */,
			);
			path = TextViewRow;
			sourceTree = "<group>";
		};
		4957F64E215A1F3800384049 /* CheckListRow */ = {
			isa = PBXGroup;
			children = (
				4957F64F215A1F3800384049 /* CheckListRowView.swift */,
				4957F650215A1F3800384049 /* CheckListRow.swift */,
				4957F651215A1F3800384049 /* CheckListRowView.xib */,
				4957F6B6215FF10A00384049 /* CheckListRowItemView.swift */,
				4957F6B8215FF12B00384049 /* CheckListRowItemView.xib */,
			);
			path = CheckListRow;
			sourceTree = "<group>";
		};
		4957F653215A1F3800384049 /* Helpers */ = {
			isa = PBXGroup;
			children = (
				4957F654215A1F3800384049 /* ErrorView */,
				4957F657215A1F3800384049 /* HintView */,
			);
			path = Helpers;
			sourceTree = "<group>";
		};
		4957F654215A1F3800384049 /* ErrorView */ = {
			isa = PBXGroup;
			children = (
				4957F655215A1F3800384049 /* ErrorView.xib */,
				4957F656215A1F3800384049 /* ErrorView.swift */,
			);
			path = ErrorView;
			sourceTree = "<group>";
		};
		4957F657215A1F3800384049 /* HintView */ = {
			isa = PBXGroup;
			children = (
				4957F658215A1F3800384049 /* HintView.swift */,
				4957F659215A1F3800384049 /* HintView.xib */,
			);
			path = HintView;
			sourceTree = "<group>";
		};
		4957F674215A1F9A00384049 /* Theme */ = {
			isa = PBXGroup;
			children = (
				4957F676215A1FB100384049 /* Themeable.swift */,
				4957F67A215A1FF000384049 /* Theme.swift */,
				4957F67C215A204500384049 /* AstroThemeColor.swift */,
				4957F68D215B167D00384049 /* AstroThemeImage.swift */,
			);
			path = Theme;
			sourceTree = "<group>";
		};
		4957F67E215A2E4800384049 /* Extensions */ = {
			isa = PBXGroup;
			children = (
				4957F67F215A2E5000384049 /* UIImage+UIColor.swift */,
			);
			path = Extensions;
			sourceTree = "<group>";
		};
		4957F68F215B1B5A00384049 /* Views */ = {
			isa = PBXGroup;
			children = (
				4957F690215B1B5A00384049 /* ThemeableImageView */,
			);
			path = Views;
			sourceTree = "<group>";
		};
		4957F690215B1B5A00384049 /* ThemeableImageView */ = {
			isa = PBXGroup;
			children = (
				4957F691215B1B6300384049 /* ThemeableImageView.swift */,
			);
			path = ThemeableImageView;
			sourceTree = "<group>";
		};
		4957F69E215C5A3B00384049 /* Features */ = {
			isa = PBXGroup;
			children = (
				4957F6AB215C5A5900384049 /* Additional Info */,
				4957F6A2215C5A3B00384049 /* Login */,
			);
			path = Features;
			sourceTree = "<group>";
		};
		4957F6A2215C5A3B00384049 /* Login */ = {
			isa = PBXGroup;
			children = (
				4957F6A3215C5A3B00384049 /* LoginViewController.swift */,
				4957F6A4215C5A3B00384049 /* BackgroundContainerViewController.swift */,
				4957F6A5215C5A3B00384049 /* LoginForm.swift */,
			);
			path = Login;
			sourceTree = "<group>";
		};
		4957F6AB215C5A5900384049 /* Additional Info */ = {
			isa = PBXGroup;
			children = (
				4957F6AC215C5A5900384049 /* AdditionalInfoViewController.swift */,
				4957F6AD215C5A5900384049 /* AdditionalInfoForm.swift */,
			);
			path = "Additional Info";
			sourceTree = "<group>";
		};
		4957F6B0215C70A400384049 /* Transitions */ = {
			isa = PBXGroup;
			children = (
				4957F6B1215C739C00384049 /* SlideAnimatedTransition.swift */,
			);
			path = Transitions;
			sourceTree = "<group>";
		};
		4957F6B3215C785C00384049 /* Controllers */ = {
			isa = PBXGroup;
			children = (
				4957F6B4215C786400384049 /* SlideNavigationController.swift */,
			);
			path = Controllers;
			sourceTree = "<group>";
		};
		49D389262160255000D99FB0 /* MapRow */ = {
			isa = PBXGroup;
			children = (
				49D389272160255800D99FB0 /* MapRow.swift */,
				49D389292160256000D99FB0 /* MapRowView.xib */,
				49D3892B2160258100D99FB0 /* MapRowView.swift */,
			);
			path = MapRow;
			sourceTree = "<group>";
		};
		508CB67FC6A1509675A5829B /* Frameworks */ = {
			isa = PBXGroup;
			children = (
				F04258FF8881DC3B478AB2FD /* Pods_AstroForms_Example.framework */,
				42569D7CB07D2BBB4BE97051 /* Pods_AstroForms_Tests.framework */,
			);
			name = Frameworks;
			sourceTree = "<group>";
		};
		607FACC71AFB9204008FA782 = {
			isa = PBXGroup;
			children = (
				607FACF51AFB993E008FA782 /* Podspec Metadata */,
				607FACD21AFB9204008FA782 /* Example for AstroForms */,
				607FACE81AFB9204008FA782 /* Tests */,
				607FACD11AFB9204008FA782 /* Products */,
				E8554188DAEB8A1739592953 /* Pods */,
				508CB67FC6A1509675A5829B /* Frameworks */,
			);
			sourceTree = "<group>";
		};
		607FACD11AFB9204008FA782 /* Products */ = {
			isa = PBXGroup;
			children = (
				607FACD01AFB9204008FA782 /* AstroForms_Example.app */,
				607FACE51AFB9204008FA782 /* AstroForms_Tests.xctest */,
			);
			name = Products;
			sourceTree = "<group>";
		};
		607FACD21AFB9204008FA782 /* Example for AstroForms */ = {
			isa = PBXGroup;
			children = (
				4957F634215A1F3800384049 /* GUI */,
				607FACD51AFB9204008FA782 /* AppDelegate.swift */,
				607FACD91AFB9204008FA782 /* Main.storyboard */,
				607FACDC1AFB9204008FA782 /* Images.xcassets */,
				607FACDE1AFB9204008FA782 /* LaunchScreen.xib */,
				607FACD31AFB9204008FA782 /* Supporting Files */,
			);
			name = "Example for AstroForms";
			path = AstroForms;
			sourceTree = "<group>";
		};
		607FACD31AFB9204008FA782 /* Supporting Files */ = {
			isa = PBXGroup;
			children = (
				607FACD41AFB9204008FA782 /* Info.plist */,
			);
			name = "Supporting Files";
			sourceTree = "<group>";
		};
		607FACE81AFB9204008FA782 /* Tests */ = {
			isa = PBXGroup;
			children = (
				607FACEB1AFB9204008FA782 /* ValidationTests.swift */,
				607FACE91AFB9204008FA782 /* Supporting Files */,
			);
			path = Tests;
			sourceTree = "<group>";
		};
		607FACE91AFB9204008FA782 /* Supporting Files */ = {
			isa = PBXGroup;
			children = (
				607FACEA1AFB9204008FA782 /* Info.plist */,
			);
			name = "Supporting Files";
			sourceTree = "<group>";
		};
		607FACF51AFB993E008FA782 /* Podspec Metadata */ = {
			isa = PBXGroup;
			children = (
				B0DDA642E622A4C10C11BB29 /* AstroForms.podspec */,
				AA1747725B8643B31790854C /* README.md */,
				02015E06DE892599BDAD71A0 /* LICENSE */,
			);
			name = "Podspec Metadata";
			sourceTree = "<group>";
		};
		E8554188DAEB8A1739592953 /* Pods */ = {
			isa = PBXGroup;
			children = (
				8945382C20E1B85BA8BE30A4 /* Pods-AstroForms_Example.debug.xcconfig */,
				96F4D58133A934212B12E3A6 /* Pods-AstroForms_Example.release.xcconfig */,
				89765BCFA49D26C3F3A847DA /* Pods-AstroForms_Tests.debug.xcconfig */,
				38CD0C5D28157AF8325FCCC4 /* Pods-AstroForms_Tests.release.xcconfig */,
			);
			name = Pods;
			sourceTree = "<group>";
		};
/* End PBXGroup section */

/* Begin PBXNativeTarget section */
		607FACCF1AFB9204008FA782 /* AstroForms_Example */ = {
			isa = PBXNativeTarget;
			buildConfigurationList = 607FACEF1AFB9204008FA782 /* Build configuration list for PBXNativeTarget "AstroForms_Example" */;
			buildPhases = (
				E2121644193B3591D81EFF6F /* [CP] Check Pods Manifest.lock */,
				607FACCC1AFB9204008FA782 /* Sources */,
				607FACCD1AFB9204008FA782 /* Frameworks */,
				607FACCE1AFB9204008FA782 /* Resources */,
				C738C36FB00591AB9D3FB2E8 /* [CP] Embed Pods Frameworks */,
			);
			buildRules = (
			);
			dependencies = (
			);
			name = AstroForms_Example;
			productName = AstroForms;
			productReference = 607FACD01AFB9204008FA782 /* AstroForms_Example.app */;
			productType = "com.apple.product-type.application";
		};
		607FACE41AFB9204008FA782 /* AstroForms_Tests */ = {
			isa = PBXNativeTarget;
			buildConfigurationList = 607FACF21AFB9204008FA782 /* Build configuration list for PBXNativeTarget "AstroForms_Tests" */;
			buildPhases = (
				D091E22B0DDC7ACBC17B5727 /* [CP] Check Pods Manifest.lock */,
				607FACE11AFB9204008FA782 /* Sources */,
				607FACE21AFB9204008FA782 /* Frameworks */,
				607FACE31AFB9204008FA782 /* Resources */,
			);
			buildRules = (
			);
			dependencies = (
				607FACE71AFB9204008FA782 /* PBXTargetDependency */,
			);
			name = AstroForms_Tests;
			productName = Tests;
			productReference = 607FACE51AFB9204008FA782 /* AstroForms_Tests.xctest */;
			productType = "com.apple.product-type.bundle.unit-test";
		};
/* End PBXNativeTarget section */

/* Begin PBXProject section */
		607FACC81AFB9204008FA782 /* Project object */ = {
			isa = PBXProject;
			attributes = {
				LastSwiftUpdateCheck = 0830;
				LastUpgradeCheck = 1000;
				ORGANIZATIONNAME = CocoaPods;
				TargetAttributes = {
					607FACCF1AFB9204008FA782 = {
						CreatedOnToolsVersion = 6.3.1;
						DevelopmentTeam = TC75DKL4H9;
						LastSwiftMigration = 1000;
						ProvisioningStyle = Manual;
					};
					607FACE41AFB9204008FA782 = {
						CreatedOnToolsVersion = 6.3.1;
						DevelopmentTeam = TC75DKL4H9;
						LastSwiftMigration = 1000;
						TestTargetID = 607FACCF1AFB9204008FA782;
					};
				};
			};
			buildConfigurationList = 607FACCB1AFB9204008FA782 /* Build configuration list for PBXProject "AstroForms" */;
			compatibilityVersion = "Xcode 3.2";
			developmentRegion = English;
			hasScannedForEncodings = 0;
			knownRegions = (
				en,
				Base,
			);
			mainGroup = 607FACC71AFB9204008FA782;
			productRefGroup = 607FACD11AFB9204008FA782 /* Products */;
			projectDirPath = "";
			projectRoot = "";
			targets = (
				607FACCF1AFB9204008FA782 /* AstroForms_Example */,
				607FACE41AFB9204008FA782 /* AstroForms_Tests */,
			);
		};
/* End PBXProject section */

/* Begin PBXResourcesBuildPhase section */
		607FACCE1AFB9204008FA782 /* Resources */ = {
			isa = PBXResourcesBuildPhase;
			buildActionMask = 2147483647;
			files = (
				4957F664215A1F3800384049 /* HeroView.xib in Resources */,
				607FACDB1AFB9204008FA782 /* Main.storyboard in Resources */,
				4957F661215A1F3800384049 /* ButtonRowView.xib in Resources */,
				4957F65F215A1F3800384049 /* TextFieldRowView.xib in Resources */,
				49D3892A2160256000D99FB0 /* MapRowView.xib in Resources */,
				607FACE01AFB9204008FA782 /* LaunchScreen.xib in Resources */,
				4957F666215A1F3800384049 /* SwitchRowView.xib in Resources */,
				607FACDD1AFB9204008FA782 /* Images.xcassets in Resources */,
				4957F66E215A1F3800384049 /* CheckListRowView.xib in Resources */,
				4957F66B215A1F3800384049 /* TextViewRowView.xib in Resources */,
				4957F6B9215FF12B00384049 /* CheckListRowItemView.xib in Resources */,
				4957F672215A1F3800384049 /* HintView.xib in Resources */,
				4957F66F215A1F3800384049 /* ErrorView.xib in Resources */,
			);
			runOnlyForDeploymentPostprocessing = 0;
		};
		607FACE31AFB9204008FA782 /* Resources */ = {
			isa = PBXResourcesBuildPhase;
			buildActionMask = 2147483647;
			files = (
			);
			runOnlyForDeploymentPostprocessing = 0;
		};
/* End PBXResourcesBuildPhase section */

/* Begin PBXShellScriptBuildPhase section */
		C738C36FB00591AB9D3FB2E8 /* [CP] Embed Pods Frameworks */ = {
			isa = PBXShellScriptBuildPhase;
			buildActionMask = 2147483647;
			files = (
			);
			inputFileListPaths = (
			);
			inputPaths = (
				"${PODS_ROOT}/Target Support Files/Pods-AstroForms_Example/Pods-AstroForms_Example-frameworks.sh",
				"${BUILT_PRODUCTS_DIR}/AstroForms/AstroForms.framework",
			);
			name = "[CP] Embed Pods Frameworks";
			outputFileListPaths = (
			);
			outputPaths = (
				"${TARGET_BUILD_DIR}/${FRAMEWORKS_FOLDER_PATH}/AstroForms.framework",
			);
			runOnlyForDeploymentPostprocessing = 0;
			shellPath = /bin/sh;
			shellScript = "\"${PODS_ROOT}/Target Support Files/Pods-AstroForms_Example/Pods-AstroForms_Example-frameworks.sh\"\n";
			showEnvVarsInLog = 0;
		};
		D091E22B0DDC7ACBC17B5727 /* [CP] Check Pods Manifest.lock */ = {
			isa = PBXShellScriptBuildPhase;
			buildActionMask = 2147483647;
			files = (
			);
			inputFileListPaths = (
			);
			inputPaths = (
				"${PODS_PODFILE_DIR_PATH}/Podfile.lock",
				"${PODS_ROOT}/Manifest.lock",
			);
			name = "[CP] Check Pods Manifest.lock";
			outputFileListPaths = (
			);
			outputPaths = (
				"$(DERIVED_FILE_DIR)/Pods-AstroForms_Tests-checkManifestLockResult.txt",
			);
			runOnlyForDeploymentPostprocessing = 0;
			shellPath = /bin/sh;
			shellScript = "diff \"${PODS_PODFILE_DIR_PATH}/Podfile.lock\" \"${PODS_ROOT}/Manifest.lock\" > /dev/null\nif [ $? != 0 ] ; then\n    # print error to STDERR\n    echo \"error: The sandbox is not in sync with the Podfile.lock. Run 'pod install' or update your CocoaPods installation.\" >&2\n    exit 1\nfi\n# This output is used by Xcode 'outputs' to avoid re-running this script phase.\necho \"SUCCESS\" > \"${SCRIPT_OUTPUT_FILE_0}\"\n";
			showEnvVarsInLog = 0;
		};
		E2121644193B3591D81EFF6F /* [CP] Check Pods Manifest.lock */ = {
			isa = PBXShellScriptBuildPhase;
			buildActionMask = 2147483647;
			files = (
			);
			inputPaths = (
				"${PODS_PODFILE_DIR_PATH}/Podfile.lock",
				"${PODS_ROOT}/Manifest.lock",
			);
			name = "[CP] Check Pods Manifest.lock";
			outputPaths = (
				"$(DERIVED_FILE_DIR)/Pods-AstroForms_Example-checkManifestLockResult.txt",
			);
			runOnlyForDeploymentPostprocessing = 0;
			shellPath = /bin/sh;
			shellScript = "diff \"${PODS_PODFILE_DIR_PATH}/Podfile.lock\" \"${PODS_ROOT}/Manifest.lock\" > /dev/null\nif [ $? != 0 ] ; then\n    # print error to STDERR\n    echo \"error: The sandbox is not in sync with the Podfile.lock. Run 'pod install' or update your CocoaPods installation.\" >&2\n    exit 1\nfi\n# This output is used by Xcode 'outputs' to avoid re-running this script phase.\necho \"SUCCESS\" > \"${SCRIPT_OUTPUT_FILE_0}\"\n";
			showEnvVarsInLog = 0;
		};
/* End PBXShellScriptBuildPhase section */

/* Begin PBXSourcesBuildPhase section */
		607FACCC1AFB9204008FA782 /* Sources */ = {
			isa = PBXSourcesBuildPhase;
			buildActionMask = 2147483647;
			files = (
				4957F668215A1F3800384049 /* SwitchRow.swift in Sources */,
				4957F66A215A1F3800384049 /* TextViewRow.swift in Sources */,
				4957F663215A1F3800384049 /* CustomNibRow.swift in Sources */,
				4957F665215A1F3800384049 /* HeroView.swift in Sources */,
				4957F6AF215C5A5900384049 /* AdditionalInfoForm.swift in Sources */,
				4957F6B5215C786400384049 /* SlideNavigationController.swift in Sources */,
				4957F667215A1F3800384049 /* SwitchRowView.swift in Sources */,
				4957F66C215A1F3800384049 /* CheckListRowView.swift in Sources */,
				4957F6A9215C5A3B00384049 /* BackgroundContainerViewController.swift in Sources */,
				4957F67B215A1FF000384049 /* Theme.swift in Sources */,
				4957F680215A2E5000384049 /* UIImage+UIColor.swift in Sources */,
				4957F65E215A1F3800384049 /* TextFieldRow.swift in Sources */,
				4957F6AA215C5A3B00384049 /* LoginForm.swift in Sources */,
				4957F662215A1F3800384049 /* ButtonRow.swift in Sources */,
				4957F68E215B167D00384049 /* AstroThemeImage.swift in Sources */,
				4957F669215A1F3800384049 /* TextViewRowView.swift in Sources */,
				4957F671215A1F3800384049 /* HintView.swift in Sources */,
				4957F66D215A1F3800384049 /* CheckListRow.swift in Sources */,
				4957F65D215A1F3800384049 /* TextFieldRowView.swift in Sources */,
				4957F677215A1FB100384049 /* Themeable.swift in Sources */,
				4957F692215B1B6300384049 /* ThemeableImageView.swift in Sources */,
				4957F67D215A204500384049 /* AstroThemeColor.swift in Sources */,
				4957F694215B273F00384049 /* CustomView.swift in Sources */,
				4957F6B2215C739C00384049 /* SlideAnimatedTransition.swift in Sources */,
				4957F65C215A1F3800384049 /* AstroTextField.swift in Sources */,
				607FACD61AFB9204008FA782 /* AppDelegate.swift in Sources */,
				4957F660215A1F3800384049 /* ButtonRowView.swift in Sources */,
				4957F6A8215C5A3B00384049 /* LoginViewController.swift in Sources */,
				4957F670215A1F3800384049 /* ErrorView.swift in Sources */,
				49D389282160255800D99FB0 /* MapRow.swift in Sources */,
				49D3892C2160258100D99FB0 /* MapRowView.swift in Sources */,
				4957F6AE215C5A5900384049 /* AdditionalInfoViewController.swift in Sources */,
				4957F6B7215FF10A00384049 /* CheckListRowItemView.swift in Sources */,
			);
			runOnlyForDeploymentPostprocessing = 0;
		};
		607FACE11AFB9204008FA782 /* Sources */ = {
			isa = PBXSourcesBuildPhase;
			buildActionMask = 2147483647;
			files = (
				607FACEC1AFB9204008FA782 /* ValidationTests.swift in Sources */,
			);
			runOnlyForDeploymentPostprocessing = 0;
		};
/* End PBXSourcesBuildPhase section */

/* Begin PBXTargetDependency section */
		607FACE71AFB9204008FA782 /* PBXTargetDependency */ = {
			isa = PBXTargetDependency;
			target = 607FACCF1AFB9204008FA782 /* AstroForms_Example */;
			targetProxy = 607FACE61AFB9204008FA782 /* PBXContainerItemProxy */;
		};
/* End PBXTargetDependency section */

/* Begin PBXVariantGroup section */
		607FACD91AFB9204008FA782 /* Main.storyboard */ = {
			isa = PBXVariantGroup;
			children = (
				607FACDA1AFB9204008FA782 /* Base */,
			);
			name = Main.storyboard;
			sourceTree = "<group>";
		};
		607FACDE1AFB9204008FA782 /* LaunchScreen.xib */ = {
			isa = PBXVariantGroup;
			children = (
				607FACDF1AFB9204008FA782 /* Base */,
			);
			name = LaunchScreen.xib;
			sourceTree = "<group>";
		};
/* End PBXVariantGroup section */

/* Begin XCBuildConfiguration section */
		607FACED1AFB9204008FA782 /* Debug */ = {
			isa = XCBuildConfiguration;
			buildSettings = {
				ALWAYS_SEARCH_USER_PATHS = NO;
				CLANG_CXX_LANGUAGE_STANDARD = "gnu++0x";
				CLANG_CXX_LIBRARY = "libc++";
				CLANG_ENABLE_MODULES = YES;
				CLANG_ENABLE_OBJC_ARC = YES;
				CLANG_WARN_BLOCK_CAPTURE_AUTORELEASING = YES;
				CLANG_WARN_BOOL_CONVERSION = YES;
				CLANG_WARN_COMMA = YES;
				CLANG_WARN_CONSTANT_CONVERSION = YES;
				CLANG_WARN_DEPRECATED_OBJC_IMPLEMENTATIONS = YES;
				CLANG_WARN_DIRECT_OBJC_ISA_USAGE = YES_ERROR;
				CLANG_WARN_EMPTY_BODY = YES;
				CLANG_WARN_ENUM_CONVERSION = YES;
				CLANG_WARN_INFINITE_RECURSION = YES;
				CLANG_WARN_INT_CONVERSION = YES;
				CLANG_WARN_NON_LITERAL_NULL_CONVERSION = YES;
				CLANG_WARN_OBJC_IMPLICIT_RETAIN_SELF = YES;
				CLANG_WARN_OBJC_LITERAL_CONVERSION = YES;
				CLANG_WARN_OBJC_ROOT_CLASS = YES_ERROR;
				CLANG_WARN_RANGE_LOOP_ANALYSIS = YES;
				CLANG_WARN_STRICT_PROTOTYPES = YES;
				CLANG_WARN_SUSPICIOUS_MOVE = YES;
				CLANG_WARN_UNREACHABLE_CODE = YES;
				CLANG_WARN__DUPLICATE_METHOD_MATCH = YES;
				"CODE_SIGN_IDENTITY[sdk=iphoneos*]" = "iPhone Developer";
				COPY_PHASE_STRIP = NO;
				DEBUG_INFORMATION_FORMAT = "dwarf-with-dsym";
				ENABLE_STRICT_OBJC_MSGSEND = YES;
				ENABLE_TESTABILITY = YES;
				GCC_C_LANGUAGE_STANDARD = gnu99;
				GCC_DYNAMIC_NO_PIC = NO;
				GCC_NO_COMMON_BLOCKS = YES;
				GCC_OPTIMIZATION_LEVEL = 0;
				GCC_PREPROCESSOR_DEFINITIONS = (
					"DEBUG=1",
					"$(inherited)",
				);
				GCC_SYMBOLS_PRIVATE_EXTERN = NO;
				GCC_WARN_64_TO_32_BIT_CONVERSION = YES;
				GCC_WARN_ABOUT_RETURN_TYPE = YES_ERROR;
				GCC_WARN_UNDECLARED_SELECTOR = YES;
				GCC_WARN_UNINITIALIZED_AUTOS = YES_AGGRESSIVE;
				GCC_WARN_UNUSED_FUNCTION = YES;
				GCC_WARN_UNUSED_VARIABLE = YES;
				IPHONEOS_DEPLOYMENT_TARGET = 11.4;
				MTL_ENABLE_DEBUG_INFO = YES;
				ONLY_ACTIVE_ARCH = YES;
				SDKROOT = iphoneos;
				SWIFT_OPTIMIZATION_LEVEL = "-Onone";
			};
			name = Debug;
		};
		607FACEE1AFB9204008FA782 /* Release */ = {
			isa = XCBuildConfiguration;
			buildSettings = {
				ALWAYS_SEARCH_USER_PATHS = NO;
				CLANG_CXX_LANGUAGE_STANDARD = "gnu++0x";
				CLANG_CXX_LIBRARY = "libc++";
				CLANG_ENABLE_MODULES = YES;
				CLANG_ENABLE_OBJC_ARC = YES;
				CLANG_WARN_BLOCK_CAPTURE_AUTORELEASING = YES;
				CLANG_WARN_BOOL_CONVERSION = YES;
				CLANG_WARN_COMMA = YES;
				CLANG_WARN_CONSTANT_CONVERSION = YES;
				CLANG_WARN_DEPRECATED_OBJC_IMPLEMENTATIONS = YES;
				CLANG_WARN_DIRECT_OBJC_ISA_USAGE = YES_ERROR;
				CLANG_WARN_EMPTY_BODY = YES;
				CLANG_WARN_ENUM_CONVERSION = YES;
				CLANG_WARN_INFINITE_RECURSION = YES;
				CLANG_WARN_INT_CONVERSION = YES;
				CLANG_WARN_NON_LITERAL_NULL_CONVERSION = YES;
				CLANG_WARN_OBJC_IMPLICIT_RETAIN_SELF = YES;
				CLANG_WARN_OBJC_LITERAL_CONVERSION = YES;
				CLANG_WARN_OBJC_ROOT_CLASS = YES_ERROR;
				CLANG_WARN_RANGE_LOOP_ANALYSIS = YES;
				CLANG_WARN_STRICT_PROTOTYPES = YES;
				CLANG_WARN_SUSPICIOUS_MOVE = YES;
				CLANG_WARN_UNREACHABLE_CODE = YES;
				CLANG_WARN__DUPLICATE_METHOD_MATCH = YES;
				"CODE_SIGN_IDENTITY[sdk=iphoneos*]" = "iPhone Developer";
				COPY_PHASE_STRIP = NO;
				DEBUG_INFORMATION_FORMAT = "dwarf-with-dsym";
				ENABLE_NS_ASSERTIONS = NO;
				ENABLE_STRICT_OBJC_MSGSEND = YES;
				GCC_C_LANGUAGE_STANDARD = gnu99;
				GCC_NO_COMMON_BLOCKS = YES;
				GCC_WARN_64_TO_32_BIT_CONVERSION = YES;
				GCC_WARN_ABOUT_RETURN_TYPE = YES_ERROR;
				GCC_WARN_UNDECLARED_SELECTOR = YES;
				GCC_WARN_UNINITIALIZED_AUTOS = YES_AGGRESSIVE;
				GCC_WARN_UNUSED_FUNCTION = YES;
				GCC_WARN_UNUSED_VARIABLE = YES;
				IPHONEOS_DEPLOYMENT_TARGET = 11.4;
				MTL_ENABLE_DEBUG_INFO = NO;
				SDKROOT = iphoneos;
				SWIFT_COMPILATION_MODE = wholemodule;
				SWIFT_OPTIMIZATION_LEVEL = "-Onone";
				VALIDATE_PRODUCT = YES;
			};
			name = Release;
		};
		607FACF01AFB9204008FA782 /* Debug */ = {
			isa = XCBuildConfiguration;
			baseConfigurationReference = 8945382C20E1B85BA8BE30A4 /* Pods-AstroForms_Example.debug.xcconfig */;
			buildSettings = {
				ASSETCATALOG_COMPILER_APPICON_NAME = AppIcon;
				CODE_SIGN_IDENTITY = "iPhone Developer";
				CODE_SIGN_STYLE = Manual;
				DEVELOPMENT_TEAM = TC75DKL4H9;
				INFOPLIST_FILE = AstroForms/Info.plist;
				LD_RUNPATH_SEARCH_PATHS = "$(inherited) @executable_path/Frameworks";
				MODULE_NAME = ExampleApp;
				PRODUCT_BUNDLE_IDENTIFIER = "org.cocoapods.demo.$(PRODUCT_NAME:rfc1034identifier)";
				PRODUCT_NAME = "$(TARGET_NAME)";
				PROVISIONING_PROFILE_SPECIFIER = "Astro Forms Development Provisioning";
				SWIFT_VERSION = 4.2;
			};
			name = Debug;
		};
		607FACF11AFB9204008FA782 /* Release */ = {
			isa = XCBuildConfiguration;
			baseConfigurationReference = 96F4D58133A934212B12E3A6 /* Pods-AstroForms_Example.release.xcconfig */;
			buildSettings = {
				ASSETCATALOG_COMPILER_APPICON_NAME = AppIcon;
				CODE_SIGN_IDENTITY = "iPhone Distribution";
				CODE_SIGN_STYLE = Manual;
				DEVELOPMENT_TEAM = TC75DKL4H9;
				INFOPLIST_FILE = AstroForms/Info.plist;
				LD_RUNPATH_SEARCH_PATHS = "$(inherited) @executable_path/Frameworks";
				MODULE_NAME = ExampleApp;
				PRODUCT_BUNDLE_IDENTIFIER = "org.cocoapods.demo.$(PRODUCT_NAME:rfc1034identifier)";
				PRODUCT_NAME = "$(TARGET_NAME)";
				PROVISIONING_PROFILE_SPECIFIER = "Astro Forms Ad Hoc Provisioning";
				SWIFT_VERSION = 4.2;
			};
			name = Release;
		};
		607FACF31AFB9204008FA782 /* Debug */ = {
			isa = XCBuildConfiguration;
			baseConfigurationReference = 89765BCFA49D26C3F3A847DA /* Pods-AstroForms_Tests.debug.xcconfig */;
			buildSettings = {
				DEVELOPMENT_TEAM = TC75DKL4H9;
				GCC_PREPROCESSOR_DEFINITIONS = (
					"DEBUG=1",
					"$(inherited)",
				);
				INFOPLIST_FILE = Tests/Info.plist;
				LD_RUNPATH_SEARCH_PATHS = "$(inherited) @executable_path/Frameworks @loader_path/Frameworks";
				PRODUCT_BUNDLE_IDENTIFIER = "org.cocoapods.$(PRODUCT_NAME:rfc1034identifier)";
				PRODUCT_NAME = "$(TARGET_NAME)";
				SWIFT_VERSION = 4.2;
				TEST_HOST = "$(BUILT_PRODUCTS_DIR)/AstroForms_Example.app/AstroForms_Example";
			};
			name = Debug;
		};
		607FACF41AFB9204008FA782 /* Release */ = {
			isa = XCBuildConfiguration;
			baseConfigurationReference = 38CD0C5D28157AF8325FCCC4 /* Pods-AstroForms_Tests.release.xcconfig */;
			buildSettings = {
				DEVELOPMENT_TEAM = TC75DKL4H9;
				INFOPLIST_FILE = Tests/Info.plist;
				LD_RUNPATH_SEARCH_PATHS = "$(inherited) @executable_path/Frameworks @loader_path/Frameworks";
				PRODUCT_BUNDLE_IDENTIFIER = "org.cocoapods.$(PRODUCT_NAME:rfc1034identifier)";
				PRODUCT_NAME = "$(TARGET_NAME)";
				SWIFT_VERSION = 4.2;
				TEST_HOST = "$(BUILT_PRODUCTS_DIR)/AstroForms_Example.app/AstroForms_Example";
			};
			name = Release;
		};
/* End XCBuildConfiguration section */

/* Begin XCConfigurationList section */
		607FACCB1AFB9204008FA782 /* Build configuration list for PBXProject "AstroForms" */ = {
			isa = XCConfigurationList;
			buildConfigurations = (
				607FACED1AFB9204008FA782 /* Debug */,
				607FACEE1AFB9204008FA782 /* Release */,
			);
			defaultConfigurationIsVisible = 0;
			defaultConfigurationName = Release;
		};
		607FACEF1AFB9204008FA782 /* Build configuration list for PBXNativeTarget "AstroForms_Example" */ = {
			isa = XCConfigurationList;
			buildConfigurations = (
				607FACF01AFB9204008FA782 /* Debug */,
				607FACF11AFB9204008FA782 /* Release */,
			);
			defaultConfigurationIsVisible = 0;
			defaultConfigurationName = Release;
		};
		607FACF21AFB9204008FA782 /* Build configuration list for PBXNativeTarget "AstroForms_Tests" */ = {
			isa = XCConfigurationList;
			buildConfigurations = (
				607FACF31AFB9204008FA782 /* Debug */,
				607FACF41AFB9204008FA782 /* Release */,
			);
			defaultConfigurationIsVisible = 0;
			defaultConfigurationName = Release;
		};
/* End XCConfigurationList section */
	};
	rootObject = 607FACC81AFB9204008FA782 /* Project object */;
}
